
Microsoft Visual Studio Solution File, Format Version 12.00
# Visual Studio Version 17
VisualStudioVersion = 17.7.34221.43
MinimumVisualStudioVersion = 10.0.40219.1
Project("{9A19103F-16F7-4668-BE54-9A1E7A4F7556}") = "ConsoleApp", "ConsoleApp.csproj", "{8A2E664D-FCCF-4E88-AB42-ABFE9EE4AAF8}"
EndProject
Project("{9A19103F-16F7-4668-BE54-9A1E7A4F7556}") = "Common", "..\Common\Common.csproj", "{656C33BB-010A-47FD-9B63-2804A847BBE9}"
EndProject
Global
	GlobalSection(SolutionConfigurationPlatforms) = preSolution
		Debug|Any CPU = Debug|Any CPU
		Release|Any CPU = Release|Any CPU
	EndGlobalSection
	GlobalSection(ProjectConfigurationPlatforms) = postSolution
		{8A2E664D-FCCF-4E88-AB42-ABFE9EE4AAF8}.Debug|Any CPU.ActiveCfg = Debug|Any CPU
		{8A2E664D-FCCF-4E88-AB42-ABFE9EE4AAF8}.Debug|Any CPU.Build.0 = Debug|Any CPU
		{8A2E664D-FCCF-4E88-AB42-ABFE9EE4AAF8}.Release|Any CPU.ActiveCfg = Release|Any CPU
		{8A2E664D-FCCF-4E88-AB42-ABFE9EE4AAF8}.Release|Any CPU.Build.0 = Release|Any CPU
		{656C33BB-010A-47FD-9B63-2804A847BBE9}.Debug|Any CPU.ActiveCfg = Debug|Any CPU
		{656C33BB-010A-47FD-9B63-2804A847BBE9}.Debug|Any CPU.Build.0 = Debug|Any CPU
		{656C33BB-010A-47FD-9B63-2804A847BBE9}.Release|Any CPU.ActiveCfg = Release|Any CPU
		{656C33BB-010A-47FD-9B63-2804A847BBE9}.Release|Any CPU.Build.0 = Release|Any CPU
	EndGlobalSection
	GlobalSection(SolutionProperties) = preSolution
		HideSolutionNode = FALSE
	EndGlobalSection
	GlobalSection(ExtensibilityGlobals) = postSolution
		SolutionGuid = {F33684A8-10B2-42C9-8B6F-233F35FFACE4}
	EndGlobalSection
EndGlobal
